{
  "name": "rei-leilao",
  "version": "0.1.0",
  "lockfileVersion": 1,
  "requires": true,
  "dependencies": {
    "sweetalert2": {
      "version": "8.2.3",
      "resolved": "https://registry.npmjs.org/sweetalert2/-/sweetalert2-8.2.3.tgz",
      "integrity": "sha512-QE3V+jNDKlv9OF+SvSsh5M3NJnNX289hs+lPhTIRGFEhzbjoYXapHXYTm0OJvUQeZJz9vYCcaPpJ8Laylid31g=="
    }
  }
}
